
Microsoft Visual Studio Solution File, Format Version 12.00
# Visual Studio 15
VisualStudioVersion = 15.0.26403.7
MinimumVisualStudioVersion = 10.0.40219.1
Project("{FAE04EC0-301F-11D3-BF4B-00C04F79EFBC}") = "Dz_Lesson_5(namespace)", "Dz_Lesson_5(namespace)\Dz_Lesson_5(namespace).csproj", "{92FF9C92-3541-4E22-A59D-9DDA8426AA91}"
EndProject
Project("{FAE04EC0-301F-11D3-BF4B-00C04F79EFBC}") = "Person", "Person\Person.csproj", "{0A9D5733-015D-43FA-91D7-AE71CBC2007C}"
EndProject
Global
	GlobalSection(SolutionConfigurationPlatforms) = preSolution
		Debug|Any CPU = Debug|Any CPU
		Release|Any CPU = Release|Any CPU
	EndGlobalSection
	GlobalSection(ProjectConfigurationPlatforms) = postSolution
		{92FF9C92-3541-4E22-A59D-9DDA8426AA91}.Debug|Any CPU.ActiveCfg = Debug|Any CPU
		{92FF9C92-3541-4E22-A59D-9DDA8426AA91}.Debug|Any CPU.Build.0 = Debug|Any CPU
		{92FF9C92-3541-4E22-A59D-9DDA8426AA91}.Release|Any CPU.ActiveCfg = Release|Any CPU
		{92FF9C92-3541-4E22-A59D-9DDA8426AA91}.Release|Any CPU.Build.0 = Release|Any CPU
		{0A9D5733-015D-43FA-91D7-AE71CBC2007C}.Debug|Any CPU.ActiveCfg = Debug|Any CPU
		{0A9D5733-015D-43FA-91D7-AE71CBC2007C}.Debug|Any CPU.Build.0 = Debug|Any CPU
		{0A9D5733-015D-43FA-91D7-AE71CBC2007C}.Release|Any CPU.ActiveCfg = Release|Any CPU
		{0A9D5733-015D-43FA-91D7-AE71CBC2007C}.Release|Any CPU.Build.0 = Release|Any CPU
	EndGlobalSection
	GlobalSection(SolutionProperties) = preSolution
		HideSolutionNode = FALSE
	EndGlobalSection
EndGlobal
